// !$*UTF8*$!
{
	archiveVersion = 1;
	classes = {
	};
	objectVersion = 46;
	objects = {

/* Begin PBXBuildFile section */
		0F66FEBB182753E9007B6CEB /* Foundation.framework in Frameworks */ = {isa = PBXBuildFile; fileRef = 0F66FEBA182753E9007B6CEB /* Foundation.framework */; };
		0F66FEBD182753E9007B6CEB /* CoreGraphics.framework in Frameworks */ = {isa = PBXBuildFile; fileRef = 0F66FEBC182753E9007B6CEB /* CoreGraphics.framework */; };
		0F66FEBF182753E9007B6CEB /* UIKit.framework in Frameworks */ = {isa = PBXBuildFile; fileRef = 0F66FEBE182753E9007B6CEB /* UIKit.framework */; };
		0F66FEC1182753E9007B6CEB /* CoreData.framework in Frameworks */ = {isa = PBXBuildFile; fileRef = 0F66FEC0182753E9007B6CEB /* CoreData.framework */; };
		0F66FEC7182753E9007B6CEB /* InfoPlist.strings in Resources */ = {isa = PBXBuildFile; fileRef = 0F66FEC5182753E9007B6CEB /* InfoPlist.strings */; };
		0F66FEC9182753E9007B6CEB /* main.m in Sources */ = {isa = PBXBuildFile; fileRef = 0F66FEC8182753E9007B6CEB /* main.m */; };
		0F66FECD182753E9007B6CEB /* UNX_AppDelegate.m in Sources */ = {isa = PBXBuildFile; fileRef = 0F66FECC182753E9007B6CEB /* UNX_AppDelegate.m */; };
		0F66FED0182753E9007B6CEB /* Main_iPhone.storyboard in Resources */ = {isa = PBXBuildFile; fileRef = 0F66FECE182753E9007B6CEB /* Main_iPhone.storyboard */; };
		0F66FED3182753E9007B6CEB /* Main_iPad.storyboard in Resources */ = {isa = PBXBuildFile; fileRef = 0F66FED1182753E9007B6CEB /* Main_iPad.storyboard */; };
		0F66FED6182753E9007B6CEB /* Gold_Statue.xcdatamodeld in Sources */ = {isa = PBXBuildFile; fileRef = 0F66FED4182753E9007B6CEB /* Gold_Statue.xcdatamodeld */; };
		0F66FED9182753E9007B6CEB /* UNX_MasterViewController.m in Sources */ = {isa = PBXBuildFile; fileRef = 0F66FED8182753E9007B6CEB /* UNX_MasterViewController.m */; };
		0F66FEDC182753E9007B6CEB /* UNX_DetailViewController.m in Sources */ = {isa = PBXBuildFile; fileRef = 0F66FEDB182753E9007B6CEB /* UNX_DetailViewController.m */; };
		0F66FEDE182753E9007B6CEB /* Images.xcassets in Resources */ = {isa = PBXBuildFile; fileRef = 0F66FEDD182753E9007B6CEB /* Images.xcassets */; };
		0F66FEE5182753E9007B6CEB /* XCTest.framework in Frameworks */ = {isa = PBXBuildFile; fileRef = 0F66FEE4182753E9007B6CEB /* XCTest.framework */; };
		0F66FEE6182753E9007B6CEB /* Foundation.framework in Frameworks */ = {isa = PBXBuildFile; fileRef = 0F66FEBA182753E9007B6CEB /* Foundation.framework */; };
		0F66FEE7182753E9007B6CEB /* UIKit.framework in Frameworks */ = {isa = PBXBuildFile; fileRef = 0F66FEBE182753E9007B6CEB /* UIKit.framework */; };
		0F66FEE8182753E9007B6CEB /* CoreData.framework in Frameworks */ = {isa = PBXBuildFile; fileRef = 0F66FEC0182753E9007B6CEB /* CoreData.framework */; };
		0F66FEF0182753E9007B6CEB /* InfoPlist.strings in Resources */ = {isa = PBXBuildFile; fileRef = 0F66FEEE182753E9007B6CEB /* InfoPlist.strings */; };
		0F66FEF2182753E9007B6CEB /* Gold_StatueTests.m in Sources */ = {isa = PBXBuildFile; fileRef = 0F66FEF1182753E9007B6CEB /* Gold_StatueTests.m */; };
		0F9EF57418289F19007C6087 /* UNX_Movie.m in Sources */ = {isa = PBXBuildFile; fileRef = 0F9EF57318289F19007C6087 /* UNX_Movie.m */; };
		0FD6D07D18709D9800038D7E /* UNX_RankedTableCell.m in Sources */ = {isa = PBXBuildFile; fileRef = 0FD6D07C18709D9800038D7E /* UNX_RankedTableCell.m */; };
/* End PBXBuildFile section */

/* Begin PBXContainerItemProxy section */
		0F66FEE9182753E9007B6CEB /* PBXContainerItemProxy */ = {
			isa = PBXContainerItemProxy;
			containerPortal = 0F66FEAF182753E9007B6CEB /* Project object */;
			proxyType = 1;
			remoteGlobalIDString = 0F66FEB6182753E9007B6CEB;
			remoteInfo = "Gold Statue";
		};
/* End PBXContainerItemProxy section */

/* Begin PBXFileReference section */
		0F66FEB7182753E9007B6CEB /* Gold Statue.app */ = {isa = PBXFileReference; explicitFileType = wrapper.application; includeInIndex = 0; path = "Gold Statue.app"; sourceTree = BUILT_PRODUCTS_DIR; };
		0F66FEBA182753E9007B6CEB /* Foundation.framework */ = {isa = PBXFileReference; lastKnownFileType = wrapper.framework; name = Foundation.framework; path = System/Library/Frameworks/Foundation.framework; sourceTree = SDKROOT; };
		0F66FEBC182753E9007B6CEB /* CoreGraphics.framework */ = {isa = PBXFileReference; lastKnownFileType = wrapper.framework; name = CoreGraphics.framework; path = System/Library/Frameworks/CoreGraphics.framework; sourceTree = SDKROOT; };
		0F66FEBE182753E9007B6CEB /* UIKit.framework */ = {isa = PBXFileReference; lastKnownFileType = wrapper.framework; name = UIKit.framework; path = System/Library/Frameworks/UIKit.framework; sourceTree = SDKROOT; };
		0F66FEC0182753E9007B6CEB /* CoreData.framework */ = {isa = PBXFileReference; lastKnownFileType = wrapper.framework; name = CoreData.framework; path = System/Library/Frameworks/CoreData.framework; sourceTree = SDKROOT; };
		0F66FEC4182753E9007B6CEB /* Gold Statue-Info.plist */ = {isa = PBXFileReference; lastKnownFileType = text.plist.xml; path = "Gold Statue-Info.plist"; sourceTree = "<group>"; };
		0F66FEC6182753E9007B6CEB /* en */ = {isa = PBXFileReference; lastKnownFileType = text.plist.strings; name = en; path = en.lproj/InfoPlist.strings; sourceTree = "<group>"; };
		0F66FEC8182753E9007B6CEB /* main.m */ = {isa = PBXFileReference; lastKnownFileType = sourcecode.c.objc; path = main.m; sourceTree = "<group>"; };
		0F66FECA182753E9007B6CEB /* Gold Statue-Prefix.pch */ = {isa = PBXFileReference; lastKnownFileType = sourcecode.c.h; path = "Gold Statue-Prefix.pch"; sourceTree = "<group>"; };
		0F66FECB182753E9007B6CEB /* UNX_AppDelegate.h */ = {isa = PBXFileReference; lastKnownFileType = sourcecode.c.h; path = UNX_AppDelegate.h; sourceTree = "<group>"; };
		0F66FECC182753E9007B6CEB /* UNX_AppDelegate.m */ = {isa = PBXFileReference; lastKnownFileType = sourcecode.c.objc; path = UNX_AppDelegate.m; sourceTree = "<group>"; };
		0F66FECF182753E9007B6CEB /* Base */ = {isa = PBXFileReference; lastKnownFileType = file.storyboard; name = Base; path = Base.lproj/Main_iPhone.storyboard; sourceTree = "<group>"; };
		0F66FED2182753E9007B6CEB /* Base */ = {isa = PBXFileReference; lastKnownFileType = file.storyboard; name = Base; path = Base.lproj/Main_iPad.storyboard; sourceTree = "<group>"; };
		0F66FED5182753E9007B6CEB /* Gold_Statue.xcdatamodel */ = {isa = PBXFileReference; lastKnownFileType = wrapper.xcdatamodel; path = Gold_Statue.xcdatamodel; sourceTree = "<group>"; };
		0F66FED7182753E9007B6CEB /* UNX_MasterViewController.h */ = {isa = PBXFileReference; lastKnownFileType = sourcecode.c.h; path = UNX_MasterViewController.h; sourceTree = "<group>"; };
		0F66FED8182753E9007B6CEB /* UNX_MasterViewController.m */ = {isa = PBXFileReference; lastKnownFileType = sourcecode.c.objc; path = UNX_MasterViewController.m; sourceTree = "<group>"; };
		0F66FEDA182753E9007B6CEB /* UNX_DetailViewController.h */ = {isa = PBXFileReference; lastKnownFileType = sourcecode.c.h; path = UNX_DetailViewController.h; sourceTree = "<group>"; };
		0F66FEDB182753E9007B6CEB /* UNX_DetailViewController.m */ = {isa = PBXFileReference; lastKnownFileType = sourcecode.c.objc; path = UNX_DetailViewController.m; sourceTree = "<group>"; };
		0F66FEDD182753E9007B6CEB /* Images.xcassets */ = {isa = PBXFileReference; lastKnownFileType = folder.assetcatalog; path = Images.xcassets; sourceTree = "<group>"; };
		0F66FEE3182753E9007B6CEB /* Gold StatueTests.xctest */ = {isa = PBXFileReference; explicitFileType = wrapper.cfbundle; includeInIndex = 0; path = "Gold StatueTests.xctest"; sourceTree = BUILT_PRODUCTS_DIR; };
		0F66FEE4182753E9007B6CEB /* XCTest.framework */ = {isa = PBXFileReference; lastKnownFileType = wrapper.framework; name = XCTest.framework; path = Library/Frameworks/XCTest.framework; sourceTree = DEVELOPER_DIR; };
		0F66FEED182753E9007B6CEB /* Gold StatueTests-Info.plist */ = {isa = PBXFileReference; lastKnownFileType = text.plist.xml; path = "Gold StatueTests-Info.plist"; sourceTree = "<group>"; };
		0F66FEEF182753E9007B6CEB /* en */ = {isa = PBXFileReference; lastKnownFileType = text.plist.strings; name = en; path = en.lproj/InfoPlist.strings; sourceTree = "<group>"; };
		0F66FEF1182753E9007B6CEB /* Gold_StatueTests.m */ = {isa = PBXFileReference; lastKnownFileType = sourcecode.c.objc; path = Gold_StatueTests.m; sourceTree = "<group>"; };
		0F9EF57218289F19007C6087 /* UNX_Movie.h */ = {isa = PBXFileReference; fileEncoding = 4; lastKnownFileType = sourcecode.c.h; name = UNX_Movie.h; path = models/UNX_Movie.h; sourceTree = "<group>"; };
		0F9EF57318289F19007C6087 /* UNX_Movie.m */ = {isa = PBXFileReference; fileEncoding = 4; lastKnownFileType = sourcecode.c.objc; name = UNX_Movie.m; path = models/UNX_Movie.m; sourceTree = "<group>"; };
		0FD6D07B18709D9800038D7E /* UNX_RankedTableCell.h */ = {isa = PBXFileReference; fileEncoding = 4; lastKnownFileType = sourcecode.c.h; path = UNX_RankedTableCell.h; sourceTree = "<group>"; };
		0FD6D07C18709D9800038D7E /* UNX_RankedTableCell.m */ = {isa = PBXFileReference; fileEncoding = 4; lastKnownFileType = sourcecode.c.objc; path = UNX_RankedTableCell.m; sourceTree = "<group>"; };
/* End PBXFileReference section */

/* Begin PBXFrameworksBuildPhase section */
		0F66FEB4182753E9007B6CEB /* Frameworks */ = {
			isa = PBXFrameworksBuildPhase;
			buildActionMask = 2147483647;
			files = (
				0F66FEBD182753E9007B6CEB /* CoreGraphics.framework in Frameworks */,
				0F66FEC1182753E9007B6CEB /* CoreData.framework in Frameworks */,
				0F66FEBF182753E9007B6CEB /* UIKit.framework in Frameworks */,
				0F66FEBB182753E9007B6CEB /* Foundation.framework in Frameworks */,
			);
			runOnlyForDeploymentPostprocessing = 0;
		};
		0F66FEE0182753E9007B6CEB /* Frameworks */ = {
			isa = PBXFrameworksBuildPhase;
			buildActionMask = 2147483647;
			files = (
				0F66FEE5182753E9007B6CEB /* XCTest.framework in Frameworks */,
				0F66FEE8182753E9007B6CEB /* CoreData.framework in Frameworks */,
				0F66FEE7182753E9007B6CEB /* UIKit.framework in Frameworks */,
				0F66FEE6182753E9007B6CEB /* Foundation.framework in Frameworks */,
			);
			runOnlyForDeploymentPostprocessing = 0;
		};
/* End PBXFrameworksBuildPhase section */

/* Begin PBXGroup section */
		0F66FEAE182753E9007B6CEB = {
			isa = PBXGroup;
			children = (
				0F66FEC2182753E9007B6CEB /* Gold Statue */,
				0F66FEEB182753E9007B6CEB /* Gold StatueTests */,
				0F66FEB9182753E9007B6CEB /* Frameworks */,
				0F66FEB8182753E9007B6CEB /* Products */,
			);
			sourceTree = "<group>";
		};
		0F66FEB8182753E9007B6CEB /* Products */ = {
			isa = PBXGroup;
			children = (
				0F66FEB7182753E9007B6CEB /* Gold Statue.app */,
				0F66FEE3182753E9007B6CEB /* Gold StatueTests.xctest */,
			);
			name = Products;
			sourceTree = "<group>";
		};
		0F66FEB9182753E9007B6CEB /* Frameworks */ = {
			isa = PBXGroup;
			children = (
				0F66FEBA182753E9007B6CEB /* Foundation.framework */,
				0F66FEBC182753E9007B6CEB /* CoreGraphics.framework */,
				0F66FEBE182753E9007B6CEB /* UIKit.framework */,
				0F66FEC0182753E9007B6CEB /* CoreData.framework */,
				0F66FEE4182753E9007B6CEB /* XCTest.framework */,
			);
			name = Frameworks;
			sourceTree = "<group>";
		};
		0F66FEC2182753E9007B6CEB /* Gold Statue */ = {
			isa = PBXGroup;
			children = (
				0F66FECB182753E9007B6CEB /* UNX_AppDelegate.h */,
				0F66FECC182753E9007B6CEB /* UNX_AppDelegate.m */,
				0F66FECE182753E9007B6CEB /* Main_iPhone.storyboard */,
				0FD6D07B18709D9800038D7E /* UNX_RankedTableCell.h */,
				0FD6D07C18709D9800038D7E /* UNX_RankedTableCell.m */,
				0F66FED1182753E9007B6CEB /* Main_iPad.storyboard */,
				0F66FED7182753E9007B6CEB /* UNX_MasterViewController.h */,
				0F66FED8182753E9007B6CEB /* UNX_MasterViewController.m */,
				0F9EF57218289F19007C6087 /* UNX_Movie.h */,
				0F9EF57318289F19007C6087 /* UNX_Movie.m */,
				0F66FEDA182753E9007B6CEB /* UNX_DetailViewController.h */,
				0F66FEDB182753E9007B6CEB /* UNX_DetailViewController.m */,
				0F66FEDD182753E9007B6CEB /* Images.xcassets */,
				0F66FED4182753E9007B6CEB /* Gold_Statue.xcdatamodeld */,
				0F66FEC3182753E9007B6CEB /* Supporting Files */,
			);
			path = "Gold Statue";
			sourceTree = "<group>";
		};
		0F66FEC3182753E9007B6CEB /* Supporting Files */ = {
			isa = PBXGroup;
			children = (
				0F66FEC4182753E9007B6CEB /* Gold Statue-Info.plist */,
				0F66FEC5182753E9007B6CEB /* InfoPlist.strings */,
				0F66FEC8182753E9007B6CEB /* main.m */,
				0F66FECA182753E9007B6CEB /* Gold Statue-Prefix.pch */,
			);
			name = "Supporting Files";
			sourceTree = "<group>";
		};
		0F66FEEB182753E9007B6CEB /* Gold StatueTests */ = {
			isa = PBXGroup;
			children = (
				0F66FEF1182753E9007B6CEB /* Gold_StatueTests.m */,
				0F66FEEC182753E9007B6CEB /* Supporting Files */,
			);
			path = "Gold StatueTests";
			sourceTree = "<group>";
		};
		0F66FEEC182753E9007B6CEB /* Supporting Files */ = {
			isa = PBXGroup;
			children = (
				0F66FEED182753E9007B6CEB /* Gold StatueTests-Info.plist */,
				0F66FEEE182753E9007B6CEB /* InfoPlist.strings */,
			);
			name = "Supporting Files";
			sourceTree = "<group>";
		};
/* End PBXGroup section */

/* Begin PBXNativeTarget section */
		0F66FEB6182753E9007B6CEB /* Gold Statue */ = {
			isa = PBXNativeTarget;
			buildConfigurationList = 0F66FEF5182753E9007B6CEB /* Build configuration list for PBXNativeTarget "Gold Statue" */;
			buildPhases = (
				0F66FEB3182753E9007B6CEB /* Sources */,
				0F66FEB4182753E9007B6CEB /* Frameworks */,
				0F66FEB5182753E9007B6CEB /* Resources */,
			);
			buildRules = (
			);
			dependencies = (
			);
			name = "Gold Statue";
			productName = "Gold Statue";
			productReference = 0F66FEB7182753E9007B6CEB /* Gold Statue.app */;
			productType = "com.apple.product-type.application";
		};
		0F66FEE2182753E9007B6CEB /* Gold StatueTests */ = {
			isa = PBXNativeTarget;
			buildConfigurationList = 0F66FEF8182753E9007B6CEB /* Build configuration list for PBXNativeTarget "Gold StatueTests" */;
			buildPhases = (
				0F66FEDF182753E9007B6CEB /* Sources */,
				0F66FEE0182753E9007B6CEB /* Frameworks */,
				0F66FEE1182753E9007B6CEB /* Resources */,
			);
			buildRules = (
			);
			dependencies = (
				0F66FEEA182753E9007B6CEB /* PBXTargetDependency */,
			);
			name = "Gold StatueTests";
			productName = "Gold StatueTests";
			productReference = 0F66FEE3182753E9007B6CEB /* Gold StatueTests.xctest */;
			productType = "com.apple.product-type.bundle.unit-test";
		};
/* End PBXNativeTarget section */

/* Begin PBXProject section */
		0F66FEAF182753E9007B6CEB /* Project object */ = {
			isa = PBXProject;
			attributes = {
				CLASSPREFIX = UNX_;
				LastUpgradeCheck = 0500;
				ORGANIZATIONNAME = "Map of the Unexplored";
				TargetAttributes = {
					0F66FEE2182753E9007B6CEB = {
						TestTargetID = 0F66FEB6182753E9007B6CEB;
					};
				};
			};
			buildConfigurationList = 0F66FEB2182753E9007B6CEB /* Build configuration list for PBXProject "Gold Statue" */;
			compatibilityVersion = "Xcode 3.2";
			developmentRegion = English;
			hasScannedForEncodings = 0;
			knownRegions = (
				en,
				Base,
			);
			mainGroup = 0F66FEAE182753E9007B6CEB;
			productRefGroup = 0F66FEB8182753E9007B6CEB /* Products */;
			projectDirPath = "";
			projectRoot = "";
			targets = (
				0F66FEB6182753E9007B6CEB /* Gold Statue */,
				0F66FEE2182753E9007B6CEB /* Gold StatueTests */,
			);
		};
/* End PBXProject section */

/* Begin PBXResourcesBuildPhase section */
		0F66FEB5182753E9007B6CEB /* Resources */ = {
			isa = PBXResourcesBuildPhase;
			buildActionMask = 2147483647;
			files = (
				0F66FED3182753E9007B6CEB /* Main_iPad.storyboard in Resources */,
				0F66FEDE182753E9007B6CEB /* Images.xcassets in Resources */,
				0F66FED0182753E9007B6CEB /* Main_iPhone.storyboard in Resources */,
				0F66FEC7182753E9007B6CEB /* InfoPlist.strings in Resources */,
			);
			runOnlyForDeploymentPostprocessing = 0;
		};
		0F66FEE1182753E9007B6CEB /* Resources */ = {
			isa = PBXResourcesBuildPhase;
			buildActionMask = 2147483647;
			files = (
				0F66FEF0182753E9007B6CEB /* InfoPlist.strings in Resources */,
			);
			runOnlyForDeploymentPostprocessing = 0;
		};
/* End PBXResourcesBuildPhase section */

/* Begin PBXSourcesBuildPhase section */
		0F66FEB3182753E9007B6CEB /* Sources */ = {
			isa = PBXSourcesBuildPhase;
			buildActionMask = 2147483647;
			files = (
				0F66FED6182753E9007B6CEB /* Gold_Statue.xcdatamodeld in Sources */,
				0F66FECD182753E9007B6CEB /* UNX_AppDelegate.m in Sources */,
				0F9EF57418289F19007C6087 /* UNX_Movie.m in Sources */,
				0FD6D07D18709D9800038D7E /* UNX_RankedTableCell.m in Sources */,
				0F66FEDC182753E9007B6CEB /* UNX_DetailViewController.m in Sources */,
				0F66FED9182753E9007B6CEB /* UNX_MasterViewController.m in Sources */,
				0F66FEC9182753E9007B6CEB /* main.m in Sources */,
			);
			runOnlyForDeploymentPostprocessing = 0;
		};
		0F66FEDF182753E9007B6CEB /* Sources */ = {
			isa = PBXSourcesBuildPhase;
			buildActionMask = 2147483647;
			files = (
				0F66FEF2182753E9007B6CEB /* Gold_StatueTests.m in Sources */,
			);
			runOnlyForDeploymentPostprocessing = 0;
		};
/* End PBXSourcesBuildPhase section */

/* Begin PBXTargetDependency section */
		0F66FEEA182753E9007B6CEB /* PBXTargetDependency */ = {
			isa = PBXTargetDependency;
			target = 0F66FEB6182753E9007B6CEB /* Gold Statue */;
			targetProxy = 0F66FEE9182753E9007B6CEB /* PBXContainerItemProxy */;
		};
/* End PBXTargetDependency section */

/* Begin PBXVariantGroup section */
		0F66FEC5182753E9007B6CEB /* InfoPlist.strings */ = {
			isa = PBXVariantGroup;
			children = (
				0F66FEC6182753E9007B6CEB /* en */,
			);
			name = InfoPlist.strings;
			sourceTree = "<group>";
		};
		0F66FECE182753E9007B6CEB /* Main_iPhone.storyboard */ = {
			isa = PBXVariantGroup;
			children = (
				0F66FECF182753E9007B6CEB /* Base */,
			);
			name = Main_iPhone.storyboard;
			sourceTree = "<group>";
		};
		0F66FED1182753E9007B6CEB /* Main_iPad.storyboard */ = {
			isa = PBXVariantGroup;
			children = (
				0F66FED2182753E9007B6CEB /* Base */,
			);
			name = Main_iPad.storyboard;
			sourceTree = "<group>";
		};
		0F66FEEE182753E9007B6CEB /* InfoPlist.strings */ = {
			isa = PBXVariantGroup;
			children = (
				0F66FEEF182753E9007B6CEB /* en */,
			);
			name = InfoPlist.strings;
			sourceTree = "<group>";
		};
/* End PBXVariantGroup section */

/* Begin XCBuildConfiguration section */
		0F66FEF3182753E9007B6CEB /* Debug */ = {
			isa = XCBuildConfiguration;
			buildSettings = {
				ALWAYS_SEARCH_USER_PATHS = NO;
				ARCHS = "$(ARCHS_STANDARD_INCLUDING_64_BIT)";
				CLANG_CXX_LANGUAGE_STANDARD = "gnu++0x";
				CLANG_CXX_LIBRARY = "libc++";
				CLANG_ENABLE_MODULES = YES;
				CLANG_ENABLE_OBJC_ARC = YES;
				CLANG_WARN_BOOL_CONVERSION = YES;
				CLANG_WARN_CONSTANT_CONVERSION = YES;
				CLANG_WARN_DIRECT_OBJC_ISA_USAGE = YES_ERROR;
				CLANG_WARN_EMPTY_BODY = YES;
				CLANG_WARN_ENUM_CONVERSION = YES;
				CLANG_WARN_INT_CONVERSION = YES;
				CLANG_WARN_OBJC_ROOT_CLASS = YES_ERROR;
				CLANG_WARN__DUPLICATE_METHOD_MATCH = YES;
				"CODE_SIGN_IDENTITY[sdk=iphoneos*]" = "iPhone Developer";
				COPY_PHASE_STRIP = NO;
				GCC_C_LANGUAGE_STANDARD = gnu99;
				GCC_DYNAMIC_NO_PIC = NO;
				GCC_OPTIMIZATION_LEVEL = 0;
				GCC_PREPROCESSOR_DEFINITIONS = (
					"DEBUG=1",
					"$(inherited)",
				);
				GCC_SYMBOLS_PRIVATE_EXTERN = NO;
				GCC_WARN_64_TO_32_BIT_CONVERSION = YES;
				GCC_WARN_ABOUT_RETURN_TYPE = YES_ERROR;
				GCC_WARN_UNDECLARED_SELECTOR = YES;
				GCC_WARN_UNINITIALIZED_AUTOS = YES;
				GCC_WARN_UNUSED_FUNCTION = YES;
				GCC_WARN_UNUSED_VARIABLE = YES;
				IPHONEOS_DEPLOYMENT_TARGET = 7.0;
				ONLY_ACTIVE_ARCH = YES;
				SDKROOT = iphoneos;
				TARGETED_DEVICE_FAMILY = "1,2";
			};
			name = Debug;
		};
		0F66FEF4182753E9007B6CEB /* Release */ = {
			isa = XCBuildConfiguration;
			buildSettings = {
				ALWAYS_SEARCH_USER_PATHS = NO;
				ARCHS = "$(ARCHS_STANDARD_INCLUDING_64_BIT)";
				CLANG_CXX_LANGUAGE_STANDARD = "gnu++0x";
				CLANG_CXX_LIBRARY = "libc++";
				CLANG_ENABLE_MODULES = YES;
				CLANG_ENABLE_OBJC_ARC = YES;
				CLANG_WARN_BOOL_CONVERSION = YES;
				CLANG_WARN_CONSTANT_CONVERSION = YES;
				CLANG_WARN_DIRECT_OBJC_ISA_USAGE = YES_ERROR;
				CLANG_WARN_EMPTY_BODY = YES;
				CLANG_WARN_ENUM_CONVERSION = YES;
				CLANG_WARN_INT_CONVERSION = YES;
				CLANG_WARN_OBJC_ROOT_CLASS = YES_ERROR;
				CLANG_WARN__DUPLICATE_METHOD_MATCH = YES;
				"CODE_SIGN_IDENTITY[sdk=iphoneos*]" = "iPhone Developer";
				COPY_PHASE_STRIP = YES;
				ENABLE_NS_ASSERTIONS = NO;
				GCC_C_LANGUAGE_STANDARD = gnu99;
				GCC_WARN_64_TO_32_BIT_CONVERSION = YES;
				GCC_WARN_ABOUT_RETURN_TYPE = YES_ERROR;
				GCC_WARN_UNDECLARED_SELECTOR = YES;
				GCC_WARN_UNINITIALIZED_AUTOS = YES;
				GCC_WARN_UNUSED_FUNCTION = YES;
				GCC_WARN_UNUSED_VARIABLE = YES;
				IPHONEOS_DEPLOYMENT_TARGET = 7.0;
				SDKROOT = iphoneos;
				TARGETED_DEVICE_FAMILY = "1,2";
				VALIDATE_PRODUCT = YES;
			};
			name = Release;
		};
		0F66FEF6182753E9007B6CEB /* Debug */ = {
			isa = XCBuildConfiguration;
			buildSettings = {
				ASSETCATALOG_COMPILER_APPICON_NAME = AppIcon;
				ASSETCATALOG_COMPILER_LAUNCHIMAGE_NAME = LaunchImage;
				GCC_PRECOMPILE_PREFIX_HEADER = YES;
				GCC_PREFIX_HEADER = "Gold Statue/Gold Statue-Prefix.pch";
				INFOPLIST_FILE = "Gold Statue/Gold Statue-Info.plist";
				PRODUCT_NAME = "$(TARGET_NAME)";
				WRAPPER_EXTENSION = app;
			};
			name = Debug;
		};
		0F66FEF7182753E9007B6CEB /* Release */ = {
			isa = XCBuildConfiguration;
			buildSettings = {
				ASSETCATALOG_COMPILER_APPICON_NAME = AppIcon;
				ASSETCATALOG_COMPILER_LAUNCHIMAGE_NAME = LaunchImage;
				GCC_PRECOMPILE_PREFIX_HEADER = YES;
				GCC_PREFIX_HEADER = "Gold Statue/Gold Statue-Prefix.pch";
				INFOPLIST_FILE = "Gold Statue/Gold Statue-Info.plist";
				PRODUCT_NAME = "$(TARGET_NAME)";
				WRAPPER_EXTENSION = app;
			};
			name = Release;
		};
		0F66FEF9182753E9007B6CEB /* Debug */ = {
			isa = XCBuildConfiguration;
			buildSettings = {
				ARCHS = "$(ARCHS_STANDARD_INCLUDING_64_BIT)";
				BUNDLE_LOADER = "$(BUILT_PRODUCTS_DIR)/Gold Statue.app/Gold Statue";
				FRAMEWORK_SEARCH_PATHS = (
					"$(SDKROOT)/Developer/Library/Frameworks",
					"$(inherited)",
					"$(DEVELOPER_FRAMEWORKS_DIR)",
				);
				GCC_PRECOMPILE_PREFIX_HEADER = YES;
				GCC_PREFIX_HEADER = "Gold Statue/Gold Statue-Prefix.pch";
				GCC_PREPROCESSOR_DEFINITIONS = (
					"DEBUG=1",
					"$(inherited)",
				);
				INFOPLIST_FILE = "Gold StatueTests/Gold StatueTests-Info.plist";
				PRODUCT_NAME = "$(TARGET_NAME)";
				TEST_HOST = "$(BUNDLE_LOADER)";
				WRAPPER_EXTENSION = xctest;
			};
			name = Debug;
		};
		0F66FEFA182753E9007B6CEB /* Release */ = {
			isa = XCBuildConfiguration;
			buildSettings = {
				ARCHS = "$(ARCHS_STANDARD_INCLUDING_64_BIT)";
				BUNDLE_LOADER = "$(BUILT_PRODUCTS_DIR)/Gold Statue.app/Gold Statue";
				FRAMEWORK_SEARCH_PATHS = (
					"$(SDKROOT)/Developer/Library/Frameworks",
					"$(inherited)",
					"$(DEVELOPER_FRAMEWORKS_DIR)",
				);
				GCC_PRECOMPILE_PREFIX_HEADER = YES;
				GCC_PREFIX_HEADER = "Gold Statue/Gold Statue-Prefix.pch";
				INFOPLIST_FILE = "Gold StatueTests/Gold StatueTests-Info.plist";
				PRODUCT_NAME = "$(TARGET_NAME)";
				TEST_HOST = "$(BUNDLE_LOADER)";
				WRAPPER_EXTENSION = xctest;
			};
			name = Release;
		};
/* End XCBuildConfiguration section */

/* Begin XCConfigurationList section */
		0F66FEB2182753E9007B6CEB /* Build configuration list for PBXProject "Gold Statue" */ = {
			isa = XCConfigurationList;
			buildConfigurations = (
				0F66FEF3182753E9007B6CEB /* Debug */,
				0F66FEF4182753E9007B6CEB /* Release */,
			);
			defaultConfigurationIsVisible = 0;
			defaultConfigurationName = Release;
		};
		0F66FEF5182753E9007B6CEB /* Build configuration list for PBXNativeTarget "Gold Statue" */ = {
			isa = XCConfigurationList;
			buildConfigurations = (
				0F66FEF6182753E9007B6CEB /* Debug */,
				0F66FEF7182753E9007B6CEB /* Release */,
			);
			defaultConfigurationIsVisible = 0;
			defaultConfigurationName = Release;
		};
		0F66FEF8182753E9007B6CEB /* Build configuration list for PBXNativeTarget "Gold StatueTests" */ = {
			isa = XCConfigurationList;
			buildConfigurations = (
				0F66FEF9182753E9007B6CEB /* Debug */,
				0F66FEFA182753E9007B6CEB /* Release */,
			);
			defaultConfigurationIsVisible = 0;
			defaultConfigurationName = Release;
		};
/* End XCConfigurationList section */

/* Begin XCVersionGroup section */
		0F66FED4182753E9007B6CEB /* Gold_Statue.xcdatamodeld */ = {
			isa = XCVersionGroup;
			children = (
				0F66FED5182753E9007B6CEB /* Gold_Statue.xcdatamodel */,
			);
			currentVersion = 0F66FED5182753E9007B6CEB /* Gold_Statue.xcdatamodel */;
			path = Gold_Statue.xcdatamodeld;
			sourceTree = "<group>";
			versionGroupType = wrapper.xcdatamodel;
		};
/* End XCVersionGroup section */
	};
	rootObject = 0F66FEAF182753E9007B6CEB /* Project object */;
}
